
Microsoft Visual Studio Solution File, Format Version 12.00
# Visual Studio Version 17
VisualStudioVersion = 17.9.34714.143
MinimumVisualStudioVersion = 10.0.40219.1
Project("{FAE04EC0-301F-11D3-BF4B-00C04F79EFBC}") = "PAtividade7", "PAtividade7\PAtividade7.csproj", "{94EF093E-DD49-425F-88A0-C8937DF3999B}"
EndProject
Global
	GlobalSection(SolutionConfigurationPlatforms) = preSolution
		Debug|Any CPU = Debug|Any CPU
		Release|Any CPU = Release|Any CPU
	EndGlobalSection
	GlobalSection(ProjectConfigurationPlatforms) = postSolution
		{94EF093E-DD49-425F-88A0-C8937DF3999B}.Debug|Any CPU.ActiveCfg = Debug|Any CPU
		{94EF093E-DD49-425F-88A0-C8937DF3999B}.Debug|Any CPU.Build.0 = Debug|Any CPU
		{94EF093E-DD49-425F-88A0-C8937DF3999B}.Release|Any CPU.ActiveCfg = Release|Any CPU
		{94EF093E-DD49-425F-88A0-C8937DF3999B}.Release|Any CPU.Build.0 = Release|Any CPU
	EndGlobalSection
	GlobalSection(SolutionProperties) = preSolution
		HideSolutionNode = FALSE
	EndGlobalSection
	GlobalSection(ExtensibilityGlobals) = postSolution
		SolutionGuid = {CBD81D62-136B-4A40-A732-5E254EE1279F}
	EndGlobalSection
EndGlobal
